{
  "name": "a6b8",
  "version": "1.0.0",
  "lockfileVersion": 3,
  "requires": true,
  "packages": {
    "": {
      "name": "a6b8",
      "version": "1.0.0",
      "license": "ISC",
      "dependencies": {
        "badgetable": "^1.1.2"
      }
    },
    "node_modules/badgetable": {
      "version": "1.1.2",
      "resolved": "https://registry.npmjs.org/badgetable/-/badgetable-1.1.2.tgz",
      "integrity": "sha512-4U1dQO/YwnX0fVOewIVkNxF8Y0Pz7mBRSoIsY1XvzmFoUozXrHT+fUuNzJNvPB7Glon6M9YLLKcsGBuLZ7BKAw=="
    }
  }
}
