{
  "name": "a6b8",
  "version": "1.0.0",
  "lockfileVersion": 3,
  "requires": true,
  "packages": {
    "": {
      "name": "a6b8",
      "version": "1.0.0",
      "license": "ISC",
      "dependencies": {
        "badgetable": "^1.3.3"
      }
    },
    "node_modules/badgetable": {
      "version": "1.3.3",
      "resolved": "https://registry.npmjs.org/badgetable/-/badgetable-1.3.3.tgz",
      "integrity": "sha512-FUw9wEfVliccHoGiEu2s7/RlVQercVi8BP26jyFZT+XNODTmuHEGGOkkXSiEnYbGs3QQwAoWHUoLvniigIRbdA==",
      "license": "MIT",
      "engines": {
        "node": ">=16.0.0"
      }
    }
  }
}
